
Microsoft Visual Studio Solution File, Format Version 12.00
# Visual Studio Version 16
VisualStudioVersion = 16.0.31515.178
MinimumVisualStudioVersion = 10.0.40219.1
Project("{FAE04EC0-301F-11D3-BF4B-00C04F79EFBC}") = "OnlinePaymentAPI", "OnlinePaymentAPI\OnlinePaymentAPI.csproj", "{AC04BE5B-7CE1-4FDD-ABD8-69BF8F26DB7F}"
EndProject
Global
	GlobalSection(SolutionConfigurationPlatforms) = preSolution
		Debug|Any CPU = Debug|Any CPU
		Release|Any CPU = Release|Any CPU
	EndGlobalSection
	GlobalSection(ProjectConfigurationPlatforms) = postSolution
		{AC04BE5B-7CE1-4FDD-ABD8-69BF8F26DB7F}.Debug|Any CPU.ActiveCfg = Debug|Any CPU
		{AC04BE5B-7CE1-4FDD-ABD8-69BF8F26DB7F}.Debug|Any CPU.Build.0 = Debug|Any CPU
		{AC04BE5B-7CE1-4FDD-ABD8-69BF8F26DB7F}.Release|Any CPU.ActiveCfg = Release|Any CPU
		{AC04BE5B-7CE1-4FDD-ABD8-69BF8F26DB7F}.Release|Any CPU.Build.0 = Release|Any CPU
	EndGlobalSection
	GlobalSection(SolutionProperties) = preSolution
		HideSolutionNode = FALSE
	EndGlobalSection
	GlobalSection(ExtensibilityGlobals) = postSolution
		SolutionGuid = {C8145E2F-A84B-4C16-AFCE-CD8179014785}
	EndGlobalSection
EndGlobal
